PODS:
  - LZToastHelper (0.1.5):
    - MBProgressHUD
  - MBProgressHUD (1.2.0)

DEPENDENCIES:
  - LZToastHelper (from `../`)

SPEC REPOS:
  https://github.com/CocoaPods/Specs.git:
    - MBProgressHUD

EXTERNAL SOURCES:
  LZToastHelper:
    :path: "../"

SPEC CHECKSUMS:
  LZToastHelper: ddaa7be02dc9085a5b6cfdcf4d532b640e389116
  MBProgressHUD: 3ee5efcc380f6a79a7cc9b363dd669c5e1ae7406

PODFILE CHECKSUM: 74ce666cd4d07c2651766bfb935cdb9dfd8d9d22

COCOAPODS: 1.9.1
