PODS:
  - LZToastHelper (0.1.2):
    - MBProgressHUD
  - MBProgressHUD (1.2.0)

DEPENDENCIES:
  - LZToastHelper (from `../`)

SPEC REPOS:
  trunk:
    - MBProgressHUD

EXTERNAL SOURCES:
  LZToastHelper:
    :path: "../"

SPEC CHECKSUMS:
  LZToastHelper: 0c450d8ae2244d72fec7e0cb5488c6e9d66f5f91
  MBProgressHUD: 3ee5efcc380f6a79a7cc9b363dd669c5e1ae7406

PODFILE CHECKSUM: bc0b0df4063654c9252c24442f5f8b28e16641ad

COCOAPODS: 1.9.0
