PODS:
  - LZToastHelper (0.2.2):
    - MBProgressHUD
  - MBProgressHUD (1.2.0)

DEPENDENCIES:
  - LZToastHelper (from `../`)

SPEC REPOS:
  https://github.com/CocoaPods/Specs.git:
    - MBProgressHUD

EXTERNAL SOURCES:
  LZToastHelper:
    :path: "../"

SPEC CHECKSUMS:
  LZToastHelper: d9270d7b88e381d02e3aa6d91eecfc643d16a161
  MBProgressHUD: 3ee5efcc380f6a79a7cc9b363dd669c5e1ae7406

PODFILE CHECKSUM: 74ce666cd4d07c2651766bfb935cdb9dfd8d9d22

COCOAPODS: 1.11.2
